
Microsoft Visual Studio Solution File, Format Version 12.00
# Visual Studio 15
VisualStudioVersion = 15.0.27130.2036
MinimumVisualStudioVersion = 10.0.40219.1
Project("{9A19103F-16F7-4668-BE54-9A1E7A4F7556}") = "CSharpSeven", "CSharpSeven\CSharpSeven.csproj", "{0001A955-C257-44C2-B669-6CDC518BDC3F}"
EndProject
Project("{9A19103F-16F7-4668-BE54-9A1E7A4F7556}") = "DependencyInjectionWithAutofac", "DependencyInjectionWithAutofac\DependencyInjectionWithAutofac.csproj", "{6147F033-70E8-4802-AC65-C90BD60519A1}"
EndProject
Project("{9A19103F-16F7-4668-BE54-9A1E7A4F7556}") = "DesignPatterns", "DesignPatterns\DesignPatterns.csproj", "{570DBF9C-8DB5-469C-AAD5-184B82283E7E}"
EndProject
Project("{9A19103F-16F7-4668-BE54-9A1E7A4F7556}") = "ParallelProgramming", "ParallelProgramming\ParallelProgramming.csproj", "{FB69CC6B-ACB3-442B-A8C1-D9D26B9B2A42}"
EndProject
Project("{9A19103F-16F7-4668-BE54-9A1E7A4F7556}") = "ReactiveExtensions", "ReactiveExtensions\ReactiveExtensions.csproj", "{3CAA2499-16E1-461F-99A7-F14C7557415A}"
EndProject
Project("{9A19103F-16F7-4668-BE54-9A1E7A4F7556}") = "EntityFrameworkCore", "EntityFrameworkCore\EntityFrameworkCore.csproj", "{5592B6FF-275D-4495-9D15-8B1A576ACA55}"
EndProject
Project("{9A19103F-16F7-4668-BE54-9A1E7A4F7556}") = "PerformanceOptimization", "PerformanceOptimization\PerformanceOptimization.csproj", "{E52DF1E0-E51B-4A8F-8148-7F8E8DA431CD}"
EndProject
Project("{2150E333-8FDC-42A3-9474-1A3956D46DE8}") = "JavaScript", "JavaScript", "{A933D7F1-F486-400F-9BF8-8E9762B811D3}"
	ProjectSection(SolutionItems) = preProject
		JavaScript\Basic Concepts.txt = JavaScript\Basic Concepts.txt
		JavaScript\index.html = JavaScript\index.html
	EndProjectSection
EndProject
Project("{2150E333-8FDC-42A3-9474-1A3956D46DE8}") = "1_ExecutionContextsAndLexicalEnviornments", "1_ExecutionContextsAndLexicalEnviornments", "{7616B8DD-2A28-46F3-AD61-B2CAE37E8DFD}"
	ProjectSection(SolutionItems) = preProject
		JavaScript\1_ExecutionContextsAndLexicalEnviornments\1_GlobalEnviornment.js = JavaScript\1_ExecutionContextsAndLexicalEnviornments\1_GlobalEnviornment.js
		JavaScript\1_ExecutionContextsAndLexicalEnviornments\2_Hoisting.js = JavaScript\1_ExecutionContextsAndLexicalEnviornments\2_Hoisting.js
		JavaScript\1_ExecutionContextsAndLexicalEnviornments\3_Undefined.js = JavaScript\1_ExecutionContextsAndLexicalEnviornments\3_Undefined.js
		JavaScript\1_ExecutionContextsAndLexicalEnviornments\4_Execution.js = JavaScript\1_ExecutionContextsAndLexicalEnviornments\4_Execution.js
		JavaScript\1_ExecutionContextsAndLexicalEnviornments\5_VariableEnvironments.js = JavaScript\1_ExecutionContextsAndLexicalEnviornments\5_VariableEnvironments.js
		JavaScript\1_ExecutionContextsAndLexicalEnviornments\6_ScopeChain.js = JavaScript\1_ExecutionContextsAndLexicalEnviornments\6_ScopeChain.js
		JavaScript\1_ExecutionContextsAndLexicalEnviornments\7_AsynchronousCallbacks.js = JavaScript\1_ExecutionContextsAndLexicalEnviornments\7_AsynchronousCallbacks.js
	EndProjectSection
EndProject
Project("{2150E333-8FDC-42A3-9474-1A3956D46DE8}") = "2_TypesAndOperators", "2_TypesAndOperators", "{AAFC5B01-00C6-4732-B595-7612D9DD982D}"
	ProjectSection(SolutionItems) = preProject
		JavaScript\2_TypesAndOperators\1_Coerction.js = JavaScript\2_TypesAndOperators\1_Coerction.js
		JavaScript\2_TypesAndOperators\2_DefaultValue.js = JavaScript\2_TypesAndOperators\2_DefaultValue.js
	EndProjectSection
EndProject
Project("{2150E333-8FDC-42A3-9474-1A3956D46DE8}") = "3_ObjectsAndFunctions", "3_ObjectsAndFunctions", "{670E23D6-A712-4100-8E12-D13A5879354F}"
	ProjectSection(SolutionItems) = preProject
		JavaScript\3_ObjectsAndFunctions\10_ CallApplyBind.js = JavaScript\3_ObjectsAndFunctions\10_ CallApplyBind.js
		JavaScript\3_ObjectsAndFunctions\11_FunctionalProgramming.js = JavaScript\3_ObjectsAndFunctions\11_FunctionalProgramming.js
		JavaScript\3_ObjectsAndFunctions\1_Objects.js = JavaScript\3_ObjectsAndFunctions\1_Objects.js
		JavaScript\3_ObjectsAndFunctions\2_FakeNamespaces.js = JavaScript\3_ObjectsAndFunctions\2_FakeNamespaces.js
		JavaScript\3_ObjectsAndFunctions\3_Objects.js = JavaScript\3_ObjectsAndFunctions\3_Objects.js
		JavaScript\3_ObjectsAndFunctions\4_FunctionExpressions.js = JavaScript\3_ObjectsAndFunctions\4_FunctionExpressions.js
		JavaScript\3_ObjectsAndFunctions\5_This.js = JavaScript\3_ObjectsAndFunctions\5_This.js
		JavaScript\3_ObjectsAndFunctions\6_Arguments.js = JavaScript\3_ObjectsAndFunctions\6_Arguments.js
		JavaScript\3_ObjectsAndFunctions\7_IIFE.js = JavaScript\3_ObjectsAndFunctions\7_IIFE.js
		JavaScript\3_ObjectsAndFunctions\8_Closures.js = JavaScript\3_ObjectsAndFunctions\8_Closures.js
		JavaScript\3_ObjectsAndFunctions\9_FunctionFactories.js = JavaScript\3_ObjectsAndFunctions\9_FunctionFactories.js
	EndProjectSection
EndProject
Project("{2150E333-8FDC-42A3-9474-1A3956D46DE8}") = "4_ObjectOrientedProgramming", "4_ObjectOrientedProgramming", "{1CC7AF4D-8BCE-4B55-893C-B99FA900F0A2}"
	ProjectSection(SolutionItems) = preProject
		JavaScript\4_ObjectOrientedProgramming\1_Prototype.js = JavaScript\4_ObjectOrientedProgramming\1_Prototype.js
		JavaScript\4_ObjectOrientedProgramming\2_Reflection.js = JavaScript\4_ObjectOrientedProgramming\2_Reflection.js
		JavaScript\4_ObjectOrientedProgramming\3_FunctionConstructors.js = JavaScript\4_ObjectOrientedProgramming\3_FunctionConstructors.js
		JavaScript\4_ObjectOrientedProgramming\4_ObjectCreate.js = JavaScript\4_ObjectOrientedProgramming\4_ObjectCreate.js
		JavaScript\4_ObjectOrientedProgramming\5_Typeof.js = JavaScript\4_ObjectOrientedProgramming\5_Typeof.js
	EndProjectSection
EndProject
Project("{2150E333-8FDC-42A3-9474-1A3956D46DE8}") = "AngularJS", "AngularJS", "{53E096AB-1806-4B36-BFC1-59A9EF5CC46E}"
	ProjectSection(SolutionItems) = preProject
		AngularJS\angular.js = AngularJS\angular.js
	EndProjectSection
EndProject
Project("{2150E333-8FDC-42A3-9474-1A3956D46DE8}") = "1_BasicStuff", "1_BasicStuff", "{F33A5579-D6F5-44A9-A364-647EE6C7F61E}"
	ProjectSection(SolutionItems) = preProject
		AngularJS\1_BasicStuff\1_ServicesAndDepInject.html = AngularJS\1_BasicStuff\1_ServicesAndDepInject.html
		AngularJS\1_BasicStuff\1_ServicesAndDepInject.js = AngularJS\1_BasicStuff\1_ServicesAndDepInject.js
		AngularJS\1_BasicStuff\2_ScopeAndInterpolation.html = AngularJS\1_BasicStuff\2_ScopeAndInterpolation.html
		AngularJS\1_BasicStuff\2_ScopeAndInterpolation.js = AngularJS\1_BasicStuff\2_ScopeAndInterpolation.js
	EndProjectSection
EndProject
Global
	GlobalSection(SolutionConfigurationPlatforms) = preSolution
		Debug|Any CPU = Debug|Any CPU
		Release|Any CPU = Release|Any CPU
	EndGlobalSection
	GlobalSection(ProjectConfigurationPlatforms) = postSolution
		{0001A955-C257-44C2-B669-6CDC518BDC3F}.Debug|Any CPU.ActiveCfg = Debug|Any CPU
		{0001A955-C257-44C2-B669-6CDC518BDC3F}.Debug|Any CPU.Build.0 = Debug|Any CPU
		{0001A955-C257-44C2-B669-6CDC518BDC3F}.Release|Any CPU.ActiveCfg = Release|Any CPU
		{0001A955-C257-44C2-B669-6CDC518BDC3F}.Release|Any CPU.Build.0 = Release|Any CPU
		{6147F033-70E8-4802-AC65-C90BD60519A1}.Debug|Any CPU.ActiveCfg = Debug|Any CPU
		{6147F033-70E8-4802-AC65-C90BD60519A1}.Debug|Any CPU.Build.0 = Debug|Any CPU
		{6147F033-70E8-4802-AC65-C90BD60519A1}.Release|Any CPU.ActiveCfg = Release|Any CPU
		{6147F033-70E8-4802-AC65-C90BD60519A1}.Release|Any CPU.Build.0 = Release|Any CPU
		{570DBF9C-8DB5-469C-AAD5-184B82283E7E}.Debug|Any CPU.ActiveCfg = Debug|Any CPU
		{570DBF9C-8DB5-469C-AAD5-184B82283E7E}.Debug|Any CPU.Build.0 = Debug|Any CPU
		{570DBF9C-8DB5-469C-AAD5-184B82283E7E}.Release|Any CPU.ActiveCfg = Release|Any CPU
		{570DBF9C-8DB5-469C-AAD5-184B82283E7E}.Release|Any CPU.Build.0 = Release|Any CPU
		{FB69CC6B-ACB3-442B-A8C1-D9D26B9B2A42}.Debug|Any CPU.ActiveCfg = Debug|Any CPU
		{FB69CC6B-ACB3-442B-A8C1-D9D26B9B2A42}.Debug|Any CPU.Build.0 = Debug|Any CPU
		{FB69CC6B-ACB3-442B-A8C1-D9D26B9B2A42}.Release|Any CPU.ActiveCfg = Release|Any CPU
		{FB69CC6B-ACB3-442B-A8C1-D9D26B9B2A42}.Release|Any CPU.Build.0 = Release|Any CPU
		{3CAA2499-16E1-461F-99A7-F14C7557415A}.Debug|Any CPU.ActiveCfg = Debug|Any CPU
		{3CAA2499-16E1-461F-99A7-F14C7557415A}.Debug|Any CPU.Build.0 = Debug|Any CPU
		{3CAA2499-16E1-461F-99A7-F14C7557415A}.Release|Any CPU.ActiveCfg = Release|Any CPU
		{3CAA2499-16E1-461F-99A7-F14C7557415A}.Release|Any CPU.Build.0 = Release|Any CPU
		{5592B6FF-275D-4495-9D15-8B1A576ACA55}.Debug|Any CPU.ActiveCfg = Debug|Any CPU
		{5592B6FF-275D-4495-9D15-8B1A576ACA55}.Debug|Any CPU.Build.0 = Debug|Any CPU
		{5592B6FF-275D-4495-9D15-8B1A576ACA55}.Release|Any CPU.ActiveCfg = Release|Any CPU
		{5592B6FF-275D-4495-9D15-8B1A576ACA55}.Release|Any CPU.Build.0 = Release|Any CPU
		{E52DF1E0-E51B-4A8F-8148-7F8E8DA431CD}.Debug|Any CPU.ActiveCfg = Debug|Any CPU
		{E52DF1E0-E51B-4A8F-8148-7F8E8DA431CD}.Debug|Any CPU.Build.0 = Debug|Any CPU
		{E52DF1E0-E51B-4A8F-8148-7F8E8DA431CD}.Release|Any CPU.ActiveCfg = Release|Any CPU
		{E52DF1E0-E51B-4A8F-8148-7F8E8DA431CD}.Release|Any CPU.Build.0 = Release|Any CPU
	EndGlobalSection
	GlobalSection(SolutionProperties) = preSolution
		HideSolutionNode = FALSE
	EndGlobalSection
	GlobalSection(NestedProjects) = preSolution
		{7616B8DD-2A28-46F3-AD61-B2CAE37E8DFD} = {A933D7F1-F486-400F-9BF8-8E9762B811D3}
		{AAFC5B01-00C6-4732-B595-7612D9DD982D} = {A933D7F1-F486-400F-9BF8-8E9762B811D3}
		{670E23D6-A712-4100-8E12-D13A5879354F} = {A933D7F1-F486-400F-9BF8-8E9762B811D3}
		{1CC7AF4D-8BCE-4B55-893C-B99FA900F0A2} = {A933D7F1-F486-400F-9BF8-8E9762B811D3}
		{F33A5579-D6F5-44A9-A364-647EE6C7F61E} = {53E096AB-1806-4B36-BFC1-59A9EF5CC46E}
	EndGlobalSection
	GlobalSection(ExtensibilityGlobals) = postSolution
		SolutionGuid = {0B75B40F-E28E-4282-8EFC-795BD77FB88A}
	EndGlobalSection
EndGlobal
